{
  "name": "interactive-media-production",
  "version": "1.0.0",
  "lockfileVersion": 3,
  "requires": true,
  "packages": {
    "": {
      "name": "interactive-media-production",
      "version": "1.0.0",
      "devDependencies": {
        "single-file-cli": "^2.10.0"
      }
    },
    "node_modules/simple-cdp": {
      "version": "1.10.1",
      "resolved": "https://registry.npmjs.org/simple-cdp/-/simple-cdp-1.10.1.tgz",
      "integrity": "sha512-svGX76zc2MY2ErGAWGb9NWP9aF5XQgDyx00iqAGCgRi1qQd5MQjtBwuC7mcktliFH263gpHdnHicfsB+n7Vnyg==",
      "dev": true,
      "license": "MIT",
      "engines": {
        "bun": ">=1.0",
        "deno": ">=1.4"
      }
    },
    "node_modules/single-file-cli": {
      "version": "2.10.0",
      "resolved": "https://registry.npmjs.org/single-file-cli/-/single-file-cli-2.10.0.tgz",
      "integrity": "sha512-TpRH1zK7M8988dGRjyOKXYW/eBKA5O0bsvtx+bdDi9LfK191zwfOupPS9ry6M6y+Zjh1bGlkD8KkC2yZedZWsg==",
      "dev": true,
      "license": "AGPL-3.0-or-later",
      "dependencies": {
        "simple-cdp": "^1.10.1"
      },
      "bin": {
        "single-file": "single-file-node.js"
      },
      "engines": {
        "bun": ">=1.2",
        "deno": ">=2.2",
        "node": ">=24.0.0"
      }
    }
  }
}
